PODS:
  - Flutter (1.0.0)
  - motion_sensors (0.0.1):
    - Flutter
  - network_info_plus (0.0.1):
    - Flutter
  - shared_preferences_foundation (0.0.1):
    - Flutter
    - FlutterMacOS

DEPENDENCIES:
  - Flutter (from `Flutter`)
  - motion_sensors (from `.symlinks/plugins/motion_sensors/ios`)
  - network_info_plus (from `.symlinks/plugins/network_info_plus/ios`)
  - shared_preferences_foundation (from `.symlinks/plugins/shared_preferences_foundation/ios`)

EXTERNAL SOURCES:
  Flutter:
    :path: Flutter
  motion_sensors:
    :path: ".symlinks/plugins/motion_sensors/ios"
  network_info_plus:
    :path: ".symlinks/plugins/network_info_plus/ios"
  shared_preferences_foundation:
    :path: ".symlinks/plugins/shared_preferences_foundation/ios"

SPEC CHECKSUMS:
  Flutter: f04841e97a9d0b0a8025694d0796dd46242b2854
  motion_sensors: 03f55b7c637a7e365a0b5f9697a449f9059d5d91
  network_info_plus: b78876159360f5580608c2cea620d6ceffabd0ad
  shared_preferences_foundation: 986fc17f3d3251412d18b0265f9c64113a8c2472

PODFILE CHECKSUM: ef19549a9bc3046e7bb7d2fab4d021637c0c58a3

COCOAPODS: 1.12.1
